
Microsoft Visual Studio Solution File, Format Version 12.00
# Visual Studio Version 17
VisualStudioVersion = 17.4.33110.190
MinimumVisualStudioVersion = 10.0.40219.1
Project("{9A19103F-16F7-4668-BE54-9A1E7A4F7556}") = "Solarverse", "Solarverse\Solarverse.csproj", "{B02442DD-2A79-408B-A4CE-AB10AB347555}"
EndProject
Project("{9A19103F-16F7-4668-BE54-9A1E7A4F7556}") = "Solarverse.Core", "Solarverse.Core\Solarverse.Core.csproj", "{10076DE8-57B7-4A6F-A32D-9E3CD309DA64}"
EndProject
Project("{9A19103F-16F7-4668-BE54-9A1E7A4F7556}") = "Solarverse.Core.Tests", "Solarverse.Core.Tests\Solarverse.Core.Tests.csproj", "{871EBD39-7B74-46AD-9ECA-94E354583D7F}"
EndProject
Project("{2150E333-8FDC-42A3-9474-1A3956D46DE8}") = "Solution Items", "Solution Items", "{C9CBC18E-7811-4441-A8AC-CC87BBD0873C}"
	ProjectSection(SolutionItems) = preProject
		.editorconfig = .editorconfig
	EndProjectSection
EndProject
Project("{9A19103F-16F7-4668-BE54-9A1E7A4F7556}") = "Solarverse.Server", "Solarverse.Server\Solarverse.Server.csproj", "{5F85937B-11D1-4160-B801-D5126F7BDA50}"
EndProject
Project("{9A19103F-16F7-4668-BE54-9A1E7A4F7556}") = "Solarverse.Client", "Solarverse.Client\Solarverse.Client.csproj", "{8A9F36D0-1E5B-4CAD-B9D7-F71DE493C23A}"
EndProject
Project("{9A19103F-16F7-4668-BE54-9A1E7A4F7556}") = "Solarverse.UI.Core", "Solarverse.UI.Core\Solarverse.UI.Core.csproj", "{0D610F4F-BA2C-4C9A-8DFA-ABEC120F063D}"
EndProject
Project("{FAE04EC0-301F-11D3-BF4B-00C04F79EFBC}") = "Solarverse.AlgorithmHarness", "Solarverse.AlgorithmHarness\Solarverse.AlgorithmHarness.csproj", "{D25F9427-7931-4CAA-8905-3C4CAEB315DA}"
EndProject
Global
	GlobalSection(SolutionConfigurationPlatforms) = preSolution
		Debug|Any CPU = Debug|Any CPU
		Release|Any CPU = Release|Any CPU
	EndGlobalSection
	GlobalSection(ProjectConfigurationPlatforms) = postSolution
		{B02442DD-2A79-408B-A4CE-AB10AB347555}.Debug|Any CPU.ActiveCfg = Debug|Any CPU
		{B02442DD-2A79-408B-A4CE-AB10AB347555}.Debug|Any CPU.Build.0 = Debug|Any CPU
		{B02442DD-2A79-408B-A4CE-AB10AB347555}.Release|Any CPU.ActiveCfg = Release|Any CPU
		{B02442DD-2A79-408B-A4CE-AB10AB347555}.Release|Any CPU.Build.0 = Release|Any CPU
		{10076DE8-57B7-4A6F-A32D-9E3CD309DA64}.Debug|Any CPU.ActiveCfg = Debug|Any CPU
		{10076DE8-57B7-4A6F-A32D-9E3CD309DA64}.Debug|Any CPU.Build.0 = Debug|Any CPU
		{10076DE8-57B7-4A6F-A32D-9E3CD309DA64}.Release|Any CPU.ActiveCfg = Release|Any CPU
		{10076DE8-57B7-4A6F-A32D-9E3CD309DA64}.Release|Any CPU.Build.0 = Release|Any CPU
		{871EBD39-7B74-46AD-9ECA-94E354583D7F}.Debug|Any CPU.ActiveCfg = Debug|Any CPU
		{871EBD39-7B74-46AD-9ECA-94E354583D7F}.Debug|Any CPU.Build.0 = Debug|Any CPU
		{871EBD39-7B74-46AD-9ECA-94E354583D7F}.Release|Any CPU.ActiveCfg = Release|Any CPU
		{871EBD39-7B74-46AD-9ECA-94E354583D7F}.Release|Any CPU.Build.0 = Release|Any CPU
		{5F85937B-11D1-4160-B801-D5126F7BDA50}.Debug|Any CPU.ActiveCfg = Debug|Any CPU
		{5F85937B-11D1-4160-B801-D5126F7BDA50}.Debug|Any CPU.Build.0 = Debug|Any CPU
		{5F85937B-11D1-4160-B801-D5126F7BDA50}.Release|Any CPU.ActiveCfg = Release|Any CPU
		{5F85937B-11D1-4160-B801-D5126F7BDA50}.Release|Any CPU.Build.0 = Release|Any CPU
		{8A9F36D0-1E5B-4CAD-B9D7-F71DE493C23A}.Debug|Any CPU.ActiveCfg = Debug|Any CPU
		{8A9F36D0-1E5B-4CAD-B9D7-F71DE493C23A}.Debug|Any CPU.Build.0 = Debug|Any CPU
		{8A9F36D0-1E5B-4CAD-B9D7-F71DE493C23A}.Release|Any CPU.ActiveCfg = Release|Any CPU
		{8A9F36D0-1E5B-4CAD-B9D7-F71DE493C23A}.Release|Any CPU.Build.0 = Release|Any CPU
		{0D610F4F-BA2C-4C9A-8DFA-ABEC120F063D}.Debug|Any CPU.ActiveCfg = Debug|Any CPU
		{0D610F4F-BA2C-4C9A-8DFA-ABEC120F063D}.Debug|Any CPU.Build.0 = Debug|Any CPU
		{0D610F4F-BA2C-4C9A-8DFA-ABEC120F063D}.Release|Any CPU.ActiveCfg = Release|Any CPU
		{0D610F4F-BA2C-4C9A-8DFA-ABEC120F063D}.Release|Any CPU.Build.0 = Release|Any CPU
		{D25F9427-7931-4CAA-8905-3C4CAEB315DA}.Debug|Any CPU.ActiveCfg = Debug|Any CPU
		{D25F9427-7931-4CAA-8905-3C4CAEB315DA}.Debug|Any CPU.Build.0 = Debug|Any CPU
		{D25F9427-7931-4CAA-8905-3C4CAEB315DA}.Release|Any CPU.ActiveCfg = Release|Any CPU
		{D25F9427-7931-4CAA-8905-3C4CAEB315DA}.Release|Any CPU.Build.0 = Release|Any CPU
	EndGlobalSection
	GlobalSection(SolutionProperties) = preSolution
		HideSolutionNode = FALSE
	EndGlobalSection
	GlobalSection(ExtensibilityGlobals) = postSolution
		SolutionGuid = {196FAC23-8960-4198-908D-2AF5CB788AF6}
	EndGlobalSection
EndGlobal
